// !$*UTF8*$!
{
	archiveVersion = 1;
	classes = {
	};
	objectVersion = 56;
	objects = {

/* Begin PBXBuildFile section */
		883A6FE263355D276BC6F221 /* libPods-MarvelNetworking.a in Frameworks */ = {isa = PBXBuildFile; fileRef = 0CE7ABAC8909F7E3766F9AF1 /* libPods-MarvelNetworking.a */; };
		DB9B569C29B8954300F4FB18 /* AppDelegate.swift in Sources */ = {isa = PBXBuildFile; fileRef = DB9B569B29B8954300F4FB18 /* AppDelegate.swift */; };
		DB9B569E29B8954300F4FB18 /* SceneDelegate.swift in Sources */ = {isa = PBXBuildFile; fileRef = DB9B569D29B8954300F4FB18 /* SceneDelegate.swift */; };
		DB9B56A029B8954300F4FB18 /* ViewController.swift in Sources */ = {isa = PBXBuildFile; fileRef = DB9B569F29B8954300F4FB18 /* ViewController.swift */; };
		DB9B56A529B8954500F4FB18 /* Assets.xcassets in Resources */ = {isa = PBXBuildFile; fileRef = DB9B56A429B8954500F4FB18 /* Assets.xcassets */; };
		DB9B56A829B8954500F4FB18 /* LaunchScreen.storyboard in Resources */ = {isa = PBXBuildFile; fileRef = DB9B56A629B8954500F4FB18 /* LaunchScreen.storyboard */; };
/* End PBXBuildFile section */

/* Begin PBXFileReference section */
		0CE7ABAC8909F7E3766F9AF1 /* libPods-MarvelNetworking.a */ = {isa = PBXFileReference; explicitFileType = archive.ar; includeInIndex = 0; path = "libPods-MarvelNetworking.a"; sourceTree = BUILT_PRODUCTS_DIR; };
		85B0E29495365E9207F418EC /* Pods-MarvelNetworking.debug.xcconfig */ = {isa = PBXFileReference; includeInIndex = 1; lastKnownFileType = text.xcconfig; name = "Pods-MarvelNetworking.debug.xcconfig"; path = "Target Support Files/Pods-MarvelNetworking/Pods-MarvelNetworking.debug.xcconfig"; sourceTree = "<group>"; };
		D05917CF7F1A5F88492F08F4 /* Pods-MarvelNetworking.release.xcconfig */ = {isa = PBXFileReference; includeInIndex = 1; lastKnownFileType = text.xcconfig; name = "Pods-MarvelNetworking.release.xcconfig"; path = "Target Support Files/Pods-MarvelNetworking/Pods-MarvelNetworking.release.xcconfig"; sourceTree = "<group>"; };
		DB9B569829B8954300F4FB18 /* MarvelNetworking.app */ = {isa = PBXFileReference; explicitFileType = wrapper.application; includeInIndex = 0; path = MarvelNetworking.app; sourceTree = BUILT_PRODUCTS_DIR; };
		DB9B569B29B8954300F4FB18 /* AppDelegate.swift */ = {isa = PBXFileReference; lastKnownFileType = sourcecode.swift; path = AppDelegate.swift; sourceTree = "<group>"; };
		DB9B569D29B8954300F4FB18 /* SceneDelegate.swift */ = {isa = PBXFileReference; lastKnownFileType = sourcecode.swift; path = SceneDelegate.swift; sourceTree = "<group>"; };
		DB9B569F29B8954300F4FB18 /* ViewController.swift */ = {isa = PBXFileReference; lastKnownFileType = sourcecode.swift; path = ViewController.swift; sourceTree = "<group>"; };
		DB9B56A429B8954500F4FB18 /* Assets.xcassets */ = {isa = PBXFileReference; lastKnownFileType = folder.assetcatalog; path = Assets.xcassets; sourceTree = "<group>"; };
		DB9B56A729B8954500F4FB18 /* Base */ = {isa = PBXFileReference; lastKnownFileType = file.storyboard; name = Base; path = Base.lproj/LaunchScreen.storyboard; sourceTree = "<group>"; };
		DB9B56A929B8954500F4FB18 /* Info.plist */ = {isa = PBXFileReference; lastKnownFileType = text.plist.xml; path = Info.plist; sourceTree = "<group>"; };
/* End PBXFileReference section */

/* Begin PBXFrameworksBuildPhase section */
		DB9B569529B8954300F4FB18 /* Frameworks */ = {
			isa = PBXFrameworksBuildPhase;
			buildActionMask = 2147483647;
			files = (
				883A6FE263355D276BC6F221 /* libPods-MarvelNetworking.a in Frameworks */,
			);
			runOnlyForDeploymentPostprocessing = 0;
		};
/* End PBXFrameworksBuildPhase section */

/* Begin PBXGroup section */
		DB9B568F29B8954300F4FB18 = {
			isa = PBXGroup;
			children = (
				DB9B569A29B8954300F4FB18 /* MarvelNetworking */,
				DB9B569929B8954300F4FB18 /* Products */,
				FF707D3A142F5B7DEC351FE1 /* Pods */,
				F49327F19D2A6E92F305545B /* Frameworks */,
			);
			sourceTree = "<group>";
		};
		DB9B569929B8954300F4FB18 /* Products */ = {
			isa = PBXGroup;
			children = (
				DB9B569829B8954300F4FB18 /* MarvelNetworking.app */,
			);
			name = Products;
			sourceTree = "<group>";
		};
		DB9B569A29B8954300F4FB18 /* MarvelNetworking */ = {
			isa = PBXGroup;
			children = (
				DB9B56B029B897AF00F4FB18 /* Sources */,
				DB9B56AF29B897A100F4FB18 /* Resources */,
			);
			path = MarvelNetworking;
			sourceTree = "<group>";
		};
		DB9B56AF29B897A100F4FB18 /* Resources */ = {
			isa = PBXGroup;
			children = (
				DB9B56A429B8954500F4FB18 /* Assets.xcassets */,
				DB9B56A629B8954500F4FB18 /* LaunchScreen.storyboard */,
				DB9B56A929B8954500F4FB18 /* Info.plist */,
			);
			path = Resources;
			sourceTree = "<group>";
		};
		DB9B56B029B897AF00F4FB18 /* Sources */ = {
			isa = PBXGroup;
			children = (
				DB9B56B129B897BB00F4FB18 /* App */,
				DB9B569F29B8954300F4FB18 /* ViewController.swift */,
			);
			path = Sources;
			sourceTree = "<group>";
		};
		DB9B56B129B897BB00F4FB18 /* App */ = {
			isa = PBXGroup;
			children = (
				DB9B569B29B8954300F4FB18 /* AppDelegate.swift */,
				DB9B569D29B8954300F4FB18 /* SceneDelegate.swift */,
			);
			path = App;
			sourceTree = "<group>";
		};
		F49327F19D2A6E92F305545B /* Frameworks */ = {
			isa = PBXGroup;
			children = (
				0CE7ABAC8909F7E3766F9AF1 /* libPods-MarvelNetworking.a */,
			);
			name = Frameworks;
			sourceTree = "<group>";
		};
		FF707D3A142F5B7DEC351FE1 /* Pods */ = {
			isa = PBXGroup;
			children = (
				85B0E29495365E9207F418EC /* Pods-MarvelNetworking.debug.xcconfig */,
				D05917CF7F1A5F88492F08F4 /* Pods-MarvelNetworking.release.xcconfig */,
			);
			name = Pods;
			path = Pods;
			sourceTree = "<group>";
		};
/* End PBXGroup section */

/* Begin PBXNativeTarget section */
		DB9B569729B8954300F4FB18 /* MarvelNetworking */ = {
			isa = PBXNativeTarget;
			buildConfigurationList = DB9B56AC29B8954500F4FB18 /* Build configuration list for PBXNativeTarget "MarvelNetworking" */;
			buildPhases = (
				939986C00F9CE1519D8AA9A8 /* [CP] Check Pods Manifest.lock */,
				DB9B569429B8954300F4FB18 /* Sources */,
				DB9B569529B8954300F4FB18 /* Frameworks */,
				DB9B569629B8954300F4FB18 /* Resources */,
			);
			buildRules = (
			);
			dependencies = (
			);
			name = MarvelNetworking;
			productName = MarvelNetworking;
			productReference = DB9B569829B8954300F4FB18 /* MarvelNetworking.app */;
			productType = "com.apple.product-type.application";
		};
/* End PBXNativeTarget section */

/* Begin PBXProject section */
		DB9B569029B8954300F4FB18 /* Project object */ = {
			isa = PBXProject;
			attributes = {
				BuildIndependentTargetsInParallel = 1;
				LastSwiftUpdateCheck = 1400;
				LastUpgradeCheck = 1400;
				TargetAttributes = {
					DB9B569729B8954300F4FB18 = {
						CreatedOnToolsVersion = 14.0.1;
					};
				};
			};
			buildConfigurationList = DB9B569329B8954300F4FB18 /* Build configuration list for PBXProject "MarvelNetworking" */;
			compatibilityVersion = "Xcode 14.0";
			developmentRegion = en;
			hasScannedForEncodings = 0;
			knownRegions = (
				en,
				Base,
			);
			mainGroup = DB9B568F29B8954300F4FB18;
			productRefGroup = DB9B569929B8954300F4FB18 /* Products */;
			projectDirPath = "";
			projectRoot = "";
			targets = (
				DB9B569729B8954300F4FB18 /* MarvelNetworking */,
			);
		};
/* End PBXProject section */

/* Begin PBXResourcesBuildPhase section */
		DB9B569629B8954300F4FB18 /* Resources */ = {
			isa = PBXResourcesBuildPhase;
			buildActionMask = 2147483647;
			files = (
				DB9B56A829B8954500F4FB18 /* LaunchScreen.storyboard in Resources */,
				DB9B56A529B8954500F4FB18 /* Assets.xcassets in Resources */,
			);
			runOnlyForDeploymentPostprocessing = 0;
		};
/* End PBXResourcesBuildPhase section */

/* Begin PBXShellScriptBuildPhase section */
		939986C00F9CE1519D8AA9A8 /* [CP] Check Pods Manifest.lock */ = {
			isa = PBXShellScriptBuildPhase;
			buildActionMask = 2147483647;
			files = (
			);
			inputFileListPaths = (
			);
			inputPaths = (
				"${PODS_PODFILE_DIR_PATH}/Podfile.lock",
				"${PODS_ROOT}/Manifest.lock",
			);
			name = "[CP] Check Pods Manifest.lock";
			outputFileListPaths = (
			);
			outputPaths = (
				"$(DERIVED_FILE_DIR)/Pods-MarvelNetworking-checkManifestLockResult.txt",
			);
			runOnlyForDeploymentPostprocessing = 0;
			shellPath = /bin/sh;
			shellScript = "diff \"${PODS_PODFILE_DIR_PATH}/Podfile.lock\" \"${PODS_ROOT}/Manifest.lock\" > /dev/null\nif [ $? != 0 ] ; then\n    # print error to STDERR\n    echo \"error: The sandbox is not in sync with the Podfile.lock. Run 'pod install' or update your CocoaPods installation.\" >&2\n    exit 1\nfi\n# This output is used by Xcode 'outputs' to avoid re-running this script phase.\necho \"SUCCESS\" > \"${SCRIPT_OUTPUT_FILE_0}\"\n";
			showEnvVarsInLog = 0;
		};
/* End PBXShellScriptBuildPhase section */

/* Begin PBXSourcesBuildPhase section */
		DB9B569429B8954300F4FB18 /* Sources */ = {
			isa = PBXSourcesBuildPhase;
			buildActionMask = 2147483647;
			files = (
				DB9B56A029B8954300F4FB18 /* ViewController.swift in Sources */,
				DB9B569C29B8954300F4FB18 /* AppDelegate.swift in Sources */,
				DB9B569E29B8954300F4FB18 /* SceneDelegate.swift in Sources */,
			);
			runOnlyForDeploymentPostprocessing = 0;
		};
/* End PBXSourcesBuildPhase section */

/* Begin PBXVariantGroup section */
		DB9B56A629B8954500F4FB18 /* LaunchScreen.storyboard */ = {
			isa = PBXVariantGroup;
			children = (
				DB9B56A729B8954500F4FB18 /* Base */,
			);
			name = LaunchScreen.storyboard;
			sourceTree = "<group>";
		};
/* End PBXVariantGroup section */

/* Begin XCBuildConfiguration section */
		DB9B56AA29B8954500F4FB18 /* Debug */ = {
			isa = XCBuildConfiguration;
			buildSettings = {
				ALWAYS_SEARCH_USER_PATHS = NO;
				CLANG_ANALYZER_NONNULL = YES;
				CLANG_ANALYZER_NUMBER_OBJECT_CONVERSION = YES_AGGRESSIVE;
				CLANG_CXX_LANGUAGE_STANDARD = "gnu++20";
				CLANG_ENABLE_MODULES = YES;
				CLANG_ENABLE_OBJC_ARC = YES;
				CLANG_ENABLE_OBJC_WEAK = YES;
				CLANG_WARN_BLOCK_CAPTURE_AUTORELEASING = YES;
				CLANG_WARN_BOOL_CONVERSION = YES;
				CLANG_WARN_COMMA = YES;
				CLANG_WARN_CONSTANT_CONVERSION = YES;
				CLANG_WARN_DEPRECATED_OBJC_IMPLEMENTATIONS = YES;
				CLANG_WARN_DIRECT_OBJC_ISA_USAGE = YES_ERROR;
				CLANG_WARN_DOCUMENTATION_COMMENTS = YES;
				CLANG_WARN_EMPTY_BODY = YES;
				CLANG_WARN_ENUM_CONVERSION = YES;
				CLANG_WARN_INFINITE_RECURSION = YES;
				CLANG_WARN_INT_CONVERSION = YES;
				CLANG_WARN_NON_LITERAL_NULL_CONVERSION = YES;
				CLANG_WARN_OBJC_IMPLICIT_RETAIN_SELF = YES;
				CLANG_WARN_OBJC_LITERAL_CONVERSION = YES;
				CLANG_WARN_OBJC_ROOT_CLASS = YES_ERROR;
				CLANG_WARN_QUOTED_INCLUDE_IN_FRAMEWORK_HEADER = YES;
				CLANG_WARN_RANGE_LOOP_ANALYSIS = YES;
				CLANG_WARN_STRICT_PROTOTYPES = YES;
				CLANG_WARN_SUSPICIOUS_MOVE = YES;
				CLANG_WARN_UNGUARDED_AVAILABILITY = YES_AGGRESSIVE;
				CLANG_WARN_UNREACHABLE_CODE = YES;
				CLANG_WARN__DUPLICATE_METHOD_MATCH = YES;
				COPY_PHASE_STRIP = NO;
				DEBUG_INFORMATION_FORMAT = dwarf;
				ENABLE_STRICT_OBJC_MSGSEND = YES;
				ENABLE_TESTABILITY = YES;
				GCC_C_LANGUAGE_STANDARD = gnu11;
				GCC_DYNAMIC_NO_PIC = NO;
				GCC_NO_COMMON_BLOCKS = YES;
				GCC_OPTIMIZATION_LEVEL = 0;
				GCC_PREPROCESSOR_DEFINITIONS = (
					"DEBUG=1",
					"$(inherited)",
				);
				GCC_WARN_64_TO_32_BIT_CONVERSION = YES;
				GCC_WARN_ABOUT_RETURN_TYPE = YES_ERROR;
				GCC_WARN_UNDECLARED_SELECTOR = YES;
				GCC_WARN_UNINITIALIZED_AUTOS = YES_AGGRESSIVE;
				GCC_WARN_UNUSED_FUNCTION = YES;
				GCC_WARN_UNUSED_VARIABLE = YES;
				IPHONEOS_DEPLOYMENT_TARGET = 16.0;
				MTL_ENABLE_DEBUG_INFO = INCLUDE_SOURCE;
				MTL_FAST_MATH = YES;
				ONLY_ACTIVE_ARCH = YES;
				SDKROOT = iphoneos;
				SWIFT_ACTIVE_COMPILATION_CONDITIONS = DEBUG;
				SWIFT_OPTIMIZATION_LEVEL = "-Onone";
			};
			name = Debug;
		};
		DB9B56AB29B8954500F4FB18 /* Release */ = {
			isa = XCBuildConfiguration;
			buildSettings = {
				ALWAYS_SEARCH_USER_PATHS = NO;
				CLANG_ANALYZER_NONNULL = YES;
				CLANG_ANALYZER_NUMBER_OBJECT_CONVERSION = YES_AGGRESSIVE;
				CLANG_CXX_LANGUAGE_STANDARD = "gnu++20";
				CLANG_ENABLE_MODULES = YES;
				CLANG_ENABLE_OBJC_ARC = YES;
				CLANG_ENABLE_OBJC_WEAK = YES;
				CLANG_WARN_BLOCK_CAPTURE_AUTORELEASING = YES;
				CLANG_WARN_BOOL_CONVERSION = YES;
				CLANG_WARN_COMMA = YES;
				CLANG_WARN_CONSTANT_CONVERSION = YES;
				CLANG_WARN_DEPRECATED_OBJC_IMPLEMENTATIONS = YES;
				CLANG_WARN_DIRECT_OBJC_ISA_USAGE = YES_ERROR;
				CLANG_WARN_DOCUMENTATION_COMMENTS = YES;
				CLANG_WARN_EMPTY_BODY = YES;
				CLANG_WARN_ENUM_CONVERSION = YES;
				CLANG_WARN_INFINITE_RECURSION = YES;
				CLANG_WARN_INT_CONVERSION = YES;
				CLANG_WARN_NON_LITERAL_NULL_CONVERSION = YES;
				CLANG_WARN_OBJC_IMPLICIT_RETAIN_SELF = YES;
				CLANG_WARN_OBJC_LITERAL_CONVERSION = YES;
				CLANG_WARN_OBJC_ROOT_CLASS = YES_ERROR;
				CLANG_WARN_QUOTED_INCLUDE_IN_FRAMEWORK_HEADER = YES;
				CLANG_WARN_RANGE_LOOP_ANALYSIS = YES;
				CLANG_WARN_STRICT_PROTOTYPES = YES;
				CLANG_WARN_SUSPICIOUS_MOVE = YES;
				CLANG_WARN_UNGUARDED_AVAILABILITY = YES_AGGRESSIVE;
				CLANG_WARN_UNREACHABLE_CODE = YES;
				CLANG_WARN__DUPLICATE_METHOD_MATCH = YES;
				COPY_PHASE_STRIP = NO;
				DEBUG_INFORMATION_FORMAT = "dwarf-with-dsym";
				ENABLE_NS_ASSERTIONS = NO;
				ENABLE_STRICT_OBJC_MSGSEND = YES;
				GCC_C_LANGUAGE_STANDARD = gnu11;
				GCC_NO_COMMON_BLOCKS = YES;
				GCC_WARN_64_TO_32_BIT_CONVERSION = YES;
				GCC_WARN_ABOUT_RETURN_TYPE = YES_ERROR;
				GCC_WARN_UNDECLARED_SELECTOR = YES;
				GCC_WARN_UNINITIALIZED_AUTOS = YES_AGGRESSIVE;
				GCC_WARN_UNUSED_FUNCTION = YES;
				GCC_WARN_UNUSED_VARIABLE = YES;
				IPHONEOS_DEPLOYMENT_TARGET = 16.0;
				MTL_ENABLE_DEBUG_INFO = NO;
				MTL_FAST_MATH = YES;
				SDKROOT = iphoneos;
				SWIFT_COMPILATION_MODE = wholemodule;
				SWIFT_OPTIMIZATION_LEVEL = "-O";
				VALIDATE_PRODUCT = YES;
			};
			name = Release;
		};
		DB9B56AD29B8954500F4FB18 /* Debug */ = {
			isa = XCBuildConfiguration;
			baseConfigurationReference = 85B0E29495365E9207F418EC /* Pods-MarvelNetworking.debug.xcconfig */;
			buildSettings = {
				ASSETCATALOG_COMPILER_APPICON_NAME = AppIcon;
				ASSETCATALOG_COMPILER_GLOBAL_ACCENT_COLOR_NAME = AccentColor;
				CODE_SIGN_STYLE = Automatic;
				CURRENT_PROJECT_VERSION = 1;
				GENERATE_INFOPLIST_FILE = YES;
				INFOPLIST_FILE = MarvelNetworking/Resources/Info.plist;
				INFOPLIST_KEY_UIApplicationSupportsIndirectInputEvents = YES;
				INFOPLIST_KEY_UILaunchStoryboardName = LaunchScreen;
				INFOPLIST_KEY_UISupportedInterfaceOrientations_iPad = "UIInterfaceOrientationPortrait UIInterfaceOrientationPortraitUpsideDown UIInterfaceOrientationLandscapeLeft UIInterfaceOrientationLandscapeRight";
				INFOPLIST_KEY_UISupportedInterfaceOrientations_iPhone = "UIInterfaceOrientationPortrait UIInterfaceOrientationLandscapeLeft UIInterfaceOrientationLandscapeRight";
				LD_RUNPATH_SEARCH_PATHS = (
					"$(inherited)",
					"@executable_path/Frameworks",
				);
				MARKETING_VERSION = 1.0;
				PRODUCT_BUNDLE_IDENTIFIER = igor.MarvelNetworking;
				PRODUCT_NAME = "$(TARGET_NAME)";
				SWIFT_EMIT_LOC_STRINGS = YES;
				SWIFT_VERSION = 5.0;
				TARGETED_DEVICE_FAMILY = "1,2";
			};
			name = Debug;
		};
		DB9B56AE29B8954500F4FB18 /* Release */ = {
			isa = XCBuildConfiguration;
			baseConfigurationReference = D05917CF7F1A5F88492F08F4 /* Pods-MarvelNetworking.release.xcconfig */;
			buildSettings = {
				ASSETCATALOG_COMPILER_APPICON_NAME = AppIcon;
				ASSETCATALOG_COMPILER_GLOBAL_ACCENT_COLOR_NAME = AccentColor;
				CODE_SIGN_STYLE = Automatic;
				CURRENT_PROJECT_VERSION = 1;
				GENERATE_INFOPLIST_FILE = YES;
				INFOPLIST_FILE = MarvelNetworking/Resources/Info.plist;
				INFOPLIST_KEY_UIApplicationSupportsIndirectInputEvents = YES;
				INFOPLIST_KEY_UILaunchStoryboardName = LaunchScreen;
				INFOPLIST_KEY_UISupportedInterfaceOrientations_iPad = "UIInterfaceOrientationPortrait UIInterfaceOrientationPortraitUpsideDown UIInterfaceOrientationLandscapeLeft UIInterfaceOrientationLandscapeRight";
				INFOPLIST_KEY_UISupportedInterfaceOrientations_iPhone = "UIInterfaceOrientationPortrait UIInterfaceOrientationLandscapeLeft UIInterfaceOrientationLandscapeRight";
				LD_RUNPATH_SEARCH_PATHS = (
					"$(inherited)",
					"@executable_path/Frameworks",
				);
				MARKETING_VERSION = 1.0;
				PRODUCT_BUNDLE_IDENTIFIER = igor.MarvelNetworking;
				PRODUCT_NAME = "$(TARGET_NAME)";
				SWIFT_EMIT_LOC_STRINGS = YES;
				SWIFT_VERSION = 5.0;
				TARGETED_DEVICE_FAMILY = "1,2";
			};
			name = Release;
		};
/* End XCBuildConfiguration section */

/* Begin XCConfigurationList section */
		DB9B569329B8954300F4FB18 /* Build configuration list for PBXProject "MarvelNetworking" */ = {
			isa = XCConfigurationList;
			buildConfigurations = (
				DB9B56AA29B8954500F4FB18 /* Debug */,
				DB9B56AB29B8954500F4FB18 /* Release */,
			);
			defaultConfigurationIsVisible = 0;
			defaultConfigurationName = Release;
		};
		DB9B56AC29B8954500F4FB18 /* Build configuration list for PBXNativeTarget "MarvelNetworking" */ = {
			isa = XCConfigurationList;
			buildConfigurations = (
				DB9B56AD29B8954500F4FB18 /* Debug */,
				DB9B56AE29B8954500F4FB18 /* Release */,
			);
			defaultConfigurationIsVisible = 0;
			defaultConfigurationName = Release;
		};
/* End XCConfigurationList section */
	};
	rootObject = DB9B569029B8954300F4FB18 /* Project object */;
}
